
Microsoft Visual Studio Solution File, Format Version 12.00
# Visual Studio Version 17
VisualStudioVersion = 17.6.33829.357
MinimumVisualStudioVersion = 10.0.40219.1
Project("{FAE04EC0-301F-11D3-BF4B-00C04F79EFBC}") = "MyFoodTracker.Api", "MyFoodTracker.Api\MyFoodTracker.Api.csproj", "{7D74B143-7883-4F30-8631-628B80F1DA4B}"
EndProject
Project("{FAE04EC0-301F-11D3-BF4B-00C04F79EFBC}") = "MyFoodTracker.Core", "MyFoodTracker.Core\MyFoodTracker.Core.csproj", "{2D4526BD-0718-421D-A789-1020408DECDC}"
EndProject
Project("{FAE04EC0-301F-11D3-BF4B-00C04F79EFBC}") = "MyFoodTracker.Data.AzureBlobStorage", "MyFoodTracker.Data.AzureBlobStorage\MyFoodTracker.Data.AzureBlobStorage.csproj", "{67728FDC-748E-4DD2-BDBE-6B470728D339}"
EndProject
Project("{FAE04EC0-301F-11D3-BF4B-00C04F79EFBC}") = "MyFoodTracker.Data.FileSystem", "MyFoodTracker.Data.FileSystem\MyFoodTracker.Data.FileSystem.csproj", "{A3EE0278-9F6C-4DC6-8B69-5CE39EF6EB7C}"
EndProject
Global
	GlobalSection(SolutionConfigurationPlatforms) = preSolution
		Debug|Any CPU = Debug|Any CPU
		Release|Any CPU = Release|Any CPU
	EndGlobalSection
	GlobalSection(ProjectConfigurationPlatforms) = postSolution
		{7D74B143-7883-4F30-8631-628B80F1DA4B}.Debug|Any CPU.ActiveCfg = Debug|Any CPU
		{7D74B143-7883-4F30-8631-628B80F1DA4B}.Debug|Any CPU.Build.0 = Debug|Any CPU
		{7D74B143-7883-4F30-8631-628B80F1DA4B}.Release|Any CPU.ActiveCfg = Release|Any CPU
		{7D74B143-7883-4F30-8631-628B80F1DA4B}.Release|Any CPU.Build.0 = Release|Any CPU
		{2D4526BD-0718-421D-A789-1020408DECDC}.Debug|Any CPU.ActiveCfg = Debug|Any CPU
		{2D4526BD-0718-421D-A789-1020408DECDC}.Debug|Any CPU.Build.0 = Debug|Any CPU
		{2D4526BD-0718-421D-A789-1020408DECDC}.Release|Any CPU.ActiveCfg = Release|Any CPU
		{2D4526BD-0718-421D-A789-1020408DECDC}.Release|Any CPU.Build.0 = Release|Any CPU
		{67728FDC-748E-4DD2-BDBE-6B470728D339}.Debug|Any CPU.ActiveCfg = Debug|Any CPU
		{67728FDC-748E-4DD2-BDBE-6B470728D339}.Debug|Any CPU.Build.0 = Debug|Any CPU
		{67728FDC-748E-4DD2-BDBE-6B470728D339}.Release|Any CPU.ActiveCfg = Release|Any CPU
		{67728FDC-748E-4DD2-BDBE-6B470728D339}.Release|Any CPU.Build.0 = Release|Any CPU
		{A3EE0278-9F6C-4DC6-8B69-5CE39EF6EB7C}.Debug|Any CPU.ActiveCfg = Debug|Any CPU
		{A3EE0278-9F6C-4DC6-8B69-5CE39EF6EB7C}.Debug|Any CPU.Build.0 = Debug|Any CPU
		{A3EE0278-9F6C-4DC6-8B69-5CE39EF6EB7C}.Release|Any CPU.ActiveCfg = Release|Any CPU
		{A3EE0278-9F6C-4DC6-8B69-5CE39EF6EB7C}.Release|Any CPU.Build.0 = Release|Any CPU
	EndGlobalSection
	GlobalSection(SolutionProperties) = preSolution
		HideSolutionNode = FALSE
	EndGlobalSection
	GlobalSection(ExtensibilityGlobals) = postSolution
		SolutionGuid = {8FFAFB66-6074-470F-AAB1-8EEB698482F2}
	EndGlobalSection
EndGlobal
